
Microsoft Visual Studio Solution File, Format Version 12.00
# Visual Studio Version 17
VisualStudioVersion = 17.4.33205.214
MinimumVisualStudioVersion = 10.0.40219.1
Project("{9A19103F-16F7-4668-BE54-9A1E7A4F7556}") = "ADOCRUD", "ADOCRUD\ADOCRUD.csproj", "{6E24EF0E-A6E5-448F-A9AD-506EAC6A8D09}"
EndProject
Project("{FAE04EC0-301F-11D3-BF4B-00C04F79EFBC}") = "BussinessLogic", "BussinessLogic\BussinessLogic.csproj", "{CF71C450-9DAE-472C-9A2F-00A8EA4A9804}"
EndProject
Project("{FAE04EC0-301F-11D3-BF4B-00C04F79EFBC}") = "DataAccess", "DataAccess\DataAccess.csproj", "{2F98D5FE-A380-46D6-ACC3-7A7E47E2E3A2}"
EndProject
Global
	GlobalSection(SolutionConfigurationPlatforms) = preSolution
		Debug|Any CPU = Debug|Any CPU
		Release|Any CPU = Release|Any CPU
	EndGlobalSection
	GlobalSection(ProjectConfigurationPlatforms) = postSolution
		{6E24EF0E-A6E5-448F-A9AD-506EAC6A8D09}.Debug|Any CPU.ActiveCfg = Debug|Any CPU
		{6E24EF0E-A6E5-448F-A9AD-506EAC6A8D09}.Debug|Any CPU.Build.0 = Debug|Any CPU
		{6E24EF0E-A6E5-448F-A9AD-506EAC6A8D09}.Release|Any CPU.ActiveCfg = Release|Any CPU
		{6E24EF0E-A6E5-448F-A9AD-506EAC6A8D09}.Release|Any CPU.Build.0 = Release|Any CPU
		{CF71C450-9DAE-472C-9A2F-00A8EA4A9804}.Debug|Any CPU.ActiveCfg = Debug|Any CPU
		{CF71C450-9DAE-472C-9A2F-00A8EA4A9804}.Debug|Any CPU.Build.0 = Debug|Any CPU
		{CF71C450-9DAE-472C-9A2F-00A8EA4A9804}.Release|Any CPU.ActiveCfg = Release|Any CPU
		{CF71C450-9DAE-472C-9A2F-00A8EA4A9804}.Release|Any CPU.Build.0 = Release|Any CPU
		{2F98D5FE-A380-46D6-ACC3-7A7E47E2E3A2}.Debug|Any CPU.ActiveCfg = Debug|Any CPU
		{2F98D5FE-A380-46D6-ACC3-7A7E47E2E3A2}.Debug|Any CPU.Build.0 = Debug|Any CPU
		{2F98D5FE-A380-46D6-ACC3-7A7E47E2E3A2}.Release|Any CPU.ActiveCfg = Release|Any CPU
		{2F98D5FE-A380-46D6-ACC3-7A7E47E2E3A2}.Release|Any CPU.Build.0 = Release|Any CPU
	EndGlobalSection
	GlobalSection(SolutionProperties) = preSolution
		HideSolutionNode = FALSE
	EndGlobalSection
	GlobalSection(ExtensibilityGlobals) = postSolution
		SolutionGuid = {A6C0ABA7-FE85-4B6F-8E03-EF01D4D023C2}
	EndGlobalSection
EndGlobal
